
Microsoft Visual Studio Solution File, Format Version 12.00
# Visual Studio Version 17
VisualStudioVersion = 17.1.32210.238
MinimumVisualStudioVersion = 10.0.40219.1
Project("{FAE04EC0-301F-11D3-BF4B-00C04F79EFBC}") = "ConsoleAppNet6ConsoleAppFramework", "ConsoleAppNet6ConsoleAppFramework\ConsoleAppNet6ConsoleAppFramework.csproj", "{B3027323-EDB9-4F58-830A-8EAAFCEE58F6}"
EndProject
Global
	GlobalSection(SolutionConfigurationPlatforms) = preSolution
		Debug|Any CPU = Debug|Any CPU
		Release|Any CPU = Release|Any CPU
	EndGlobalSection
	GlobalSection(ProjectConfigurationPlatforms) = postSolution
		{B3027323-EDB9-4F58-830A-8EAAFCEE58F6}.Debug|Any CPU.ActiveCfg = Debug|Any CPU
		{B3027323-EDB9-4F58-830A-8EAAFCEE58F6}.Debug|Any CPU.Build.0 = Debug|Any CPU
		{B3027323-EDB9-4F58-830A-8EAAFCEE58F6}.Release|Any CPU.ActiveCfg = Release|Any CPU
		{B3027323-EDB9-4F58-830A-8EAAFCEE58F6}.Release|Any CPU.Build.0 = Release|Any CPU
	EndGlobalSection
	GlobalSection(SolutionProperties) = preSolution
		HideSolutionNode = FALSE
	EndGlobalSection
	GlobalSection(ExtensibilityGlobals) = postSolution
		SolutionGuid = {3F587D40-CB2B-40D3-B104-F787CEC4D4E8}
	EndGlobalSection
EndGlobal
